Microsoft Visual Studio Solution File, Format Version 12.00
# Visual Studio Version 17
VisualStudioVersion = 17.5.2.0
MinimumVisualStudioVersion = 10.0.40219.1
Project("{FAE04EC0-301F-11D3-BF4B-00C04F79EFBC}") = "SellCatcher.Api", "SellCatcher.Api.csproj", "{CD05DADC-B01F-ADA4-3B74-DF139B27310F}"
EndProject
Global
	GlobalSection(SolutionConfigurationPlatforms) = preSolution
		Debug|Any CPU = Debug|Any CPU
		Release|Any CPU = Release|Any CPU
	EndGlobalSection
	GlobalSection(ProjectConfigurationPlatforms) = postSolution
		{CD05DADC-B01F-ADA4-3B74-DF139B27310F}.Debug|Any CPU.ActiveCfg = Debug|Any CPU
		{CD05DADC-B01F-ADA4-3B74-DF139B27310F}.Debug|Any CPU.Build.0 = Debug|Any CPU
		{CD05DADC-B01F-ADA4-3B74-DF139B27310F}.Release|Any CPU.ActiveCfg = Release|Any CPU
		{CD05DADC-B01F-ADA4-3B74-DF139B27310F}.Release|Any CPU.Build.0 = Release|Any CPU
	EndGlobalSection
	GlobalSection(SolutionProperties) = preSolution
		HideSolutionNode = FALSE
	EndGlobalSection
	GlobalSection(ExtensibilityGlobals) = postSolution
		SolutionGuid = {7A33467C-10BC-4530-86DC-59D76BCE0F39}
	EndGlobalSection
EndGlobal
